
Microsoft Visual Studio Solution File, Format Version 12.00
# Visual Studio 15
VisualStudioVersion = 15.0.27703.2042
MinimumVisualStudioVersion = 10.0.40219.1
Project("{FAE04EC0-301F-11D3-BF4B-00C04F79EFBC}") = "AlbumFotosMvc", "AlbumFotosMvc\AlbumFotosMvc.csproj", "{C4C1091D-8812-4BAD-B741-C0B58182F50A}"
EndProject
Project("{FAE04EC0-301F-11D3-BF4B-00C04F79EFBC}") = "Model", "Model\Model.csproj", "{2D92AD83-66E3-4275-83BD-3D69082EEFAC}"
EndProject
Project("{FAE04EC0-301F-11D3-BF4B-00C04F79EFBC}") = "Service", "Service\Service.csproj", "{D67E7BE9-7405-46F0-8E7E-0C96681DB57A}"
EndProject
Global
	GlobalSection(SolutionConfigurationPlatforms) = preSolution
		Debug|Any CPU = Debug|Any CPU
		Release|Any CPU = Release|Any CPU
	EndGlobalSection
	GlobalSection(ProjectConfigurationPlatforms) = postSolution
		{C4C1091D-8812-4BAD-B741-C0B58182F50A}.Debug|Any CPU.ActiveCfg = Debug|Any CPU
		{C4C1091D-8812-4BAD-B741-C0B58182F50A}.Debug|Any CPU.Build.0 = Debug|Any CPU
		{C4C1091D-8812-4BAD-B741-C0B58182F50A}.Release|Any CPU.ActiveCfg = Release|Any CPU
		{C4C1091D-8812-4BAD-B741-C0B58182F50A}.Release|Any CPU.Build.0 = Release|Any CPU
		{2D92AD83-66E3-4275-83BD-3D69082EEFAC}.Debug|Any CPU.ActiveCfg = Debug|Any CPU
		{2D92AD83-66E3-4275-83BD-3D69082EEFAC}.Debug|Any CPU.Build.0 = Debug|Any CPU
		{2D92AD83-66E3-4275-83BD-3D69082EEFAC}.Release|Any CPU.ActiveCfg = Release|Any CPU
		{2D92AD83-66E3-4275-83BD-3D69082EEFAC}.Release|Any CPU.Build.0 = Release|Any CPU
		{D67E7BE9-7405-46F0-8E7E-0C96681DB57A}.Debug|Any CPU.ActiveCfg = Debug|Any CPU
		{D67E7BE9-7405-46F0-8E7E-0C96681DB57A}.Debug|Any CPU.Build.0 = Debug|Any CPU
		{D67E7BE9-7405-46F0-8E7E-0C96681DB57A}.Release|Any CPU.ActiveCfg = Release|Any CPU
		{D67E7BE9-7405-46F0-8E7E-0C96681DB57A}.Release|Any CPU.Build.0 = Release|Any CPU
	EndGlobalSection
	GlobalSection(SolutionProperties) = preSolution
		HideSolutionNode = FALSE
	EndGlobalSection
	GlobalSection(ExtensibilityGlobals) = postSolution
		SolutionGuid = {037478DD-CB48-4184-8DBE-E496F6D50F84}
	EndGlobalSection
EndGlobal
